
Microsoft Visual Studio Solution File, Format Version 12.00
# Visual Studio Version 17
VisualStudioVersion = 17.0.31903.59
MinimumVisualStudioVersion = 10.0.40219.1
Project("{2150E333-8FDC-42A3-9474-1A3956D46DE8}") = "Core", "Core", "{FBF56CC3-7AE6-AD2D-3F14-7F97FD322CD6}"
EndProject
Project("{FAE04EC0-301F-11D3-BF4B-00C04F79EFBC}") = "CleanTeeth.Domain", "Core\CleanTeeth.Domain\CleanTeeth.Domain.csproj", "{0CBA3E86-54DE-462C-B273-A005CDE07B0D}"
EndProject
Project("{2150E333-8FDC-42A3-9474-1A3956D46DE8}") = "Tests", "Tests", "{0AB3BF05-4346-4AA6-1389-037BE0695223}"
EndProject
Project("{FAE04EC0-301F-11D3-BF4B-00C04F79EFBC}") = "CleanTeeth.Tests", "Tests\CleanTeeth.Tests\CleanTeeth.Tests.csproj", "{9D6CAAEA-03A1-4A9B-960D-B44C97BCDD4D}"
EndProject
Project("{FAE04EC0-301F-11D3-BF4B-00C04F79EFBC}") = "CleanTeeth.Application", "Core\CleanTeeth.Application\CleanTeeth.Application.csproj", "{9CF519AB-BB3E-455F-8C40-E5EBAD01F6E2}"
EndProject
Project("{2150E333-8FDC-42A3-9474-1A3956D46DE8}") = "Infrastructure", "Infrastructure", "{DFEE68D8-A7D0-1A41-506C-9B74AA9A7B7B}"
EndProject
Project("{FAE04EC0-301F-11D3-BF4B-00C04F79EFBC}") = "CleanTeeth.Persistence", "Infrastructure\CleanTeeth.Persistence\CleanTeeth.Persistence.csproj", "{62691817-3497-4BBF-88B4-2664A8631508}"
EndProject
Project("{2150E333-8FDC-42A3-9474-1A3956D46DE8}") = "API", "API", "{D82C56D6-B2CD-F611-9E31-04638F7EC30E}"
EndProject
Project("{FAE04EC0-301F-11D3-BF4B-00C04F79EFBC}") = "CleanTeeth.API", "API\CleanTeeth.API\CleanTeeth.API.csproj", "{2C5F6104-081F-4152-A8A0-6A4864967532}"
EndProject
Global
	GlobalSection(SolutionConfigurationPlatforms) = preSolution
		Debug|Any CPU = Debug|Any CPU
		Debug|x64 = Debug|x64
		Debug|x86 = Debug|x86
		Release|Any CPU = Release|Any CPU
		Release|x64 = Release|x64
		Release|x86 = Release|x86
	EndGlobalSection
	GlobalSection(ProjectConfigurationPlatforms) = postSolution
		{0CBA3E86-54DE-462C-B273-A005CDE07B0D}.Debug|Any CPU.ActiveCfg = Debug|Any CPU
		{0CBA3E86-54DE-462C-B273-A005CDE07B0D}.Debug|Any CPU.Build.0 = Debug|Any CPU
		{0CBA3E86-54DE-462C-B273-A005CDE07B0D}.Debug|x64.ActiveCfg = Debug|Any CPU
		{0CBA3E86-54DE-462C-B273-A005CDE07B0D}.Debug|x64.Build.0 = Debug|Any CPU
		{0CBA3E86-54DE-462C-B273-A005CDE07B0D}.Debug|x86.ActiveCfg = Debug|Any CPU
		{0CBA3E86-54DE-462C-B273-A005CDE07B0D}.Debug|x86.Build.0 = Debug|Any CPU
		{0CBA3E86-54DE-462C-B273-A005CDE07B0D}.Release|Any CPU.ActiveCfg = Release|Any CPU
		{0CBA3E86-54DE-462C-B273-A005CDE07B0D}.Release|Any CPU.Build.0 = Release|Any CPU
		{0CBA3E86-54DE-462C-B273-A005CDE07B0D}.Release|x64.ActiveCfg = Release|Any CPU
		{0CBA3E86-54DE-462C-B273-A005CDE07B0D}.Release|x64.Build.0 = Release|Any CPU
		{0CBA3E86-54DE-462C-B273-A005CDE07B0D}.Release|x86.ActiveCfg = Release|Any CPU
		{0CBA3E86-54DE-462C-B273-A005CDE07B0D}.Release|x86.Build.0 = Release|Any CPU
		{9D6CAAEA-03A1-4A9B-960D-B44C97BCDD4D}.Debug|Any CPU.ActiveCfg = Debug|Any CPU
		{9D6CAAEA-03A1-4A9B-960D-B44C97BCDD4D}.Debug|Any CPU.Build.0 = Debug|Any CPU
		{9D6CAAEA-03A1-4A9B-960D-B44C97BCDD4D}.Debug|x64.ActiveCfg = Debug|Any CPU
		{9D6CAAEA-03A1-4A9B-960D-B44C97BCDD4D}.Debug|x64.Build.0 = Debug|Any CPU
		{9D6CAAEA-03A1-4A9B-960D-B44C97BCDD4D}.Debug|x86.ActiveCfg = Debug|Any CPU
		{9D6CAAEA-03A1-4A9B-960D-B44C97BCDD4D}.Debug|x86.Build.0 = Debug|Any CPU
		{9D6CAAEA-03A1-4A9B-960D-B44C97BCDD4D}.Release|Any CPU.ActiveCfg = Release|Any CPU
		{9D6CAAEA-03A1-4A9B-960D-B44C97BCDD4D}.Release|Any CPU.Build.0 = Release|Any CPU
		{9D6CAAEA-03A1-4A9B-960D-B44C97BCDD4D}.Release|x64.ActiveCfg = Release|Any CPU
		{9D6CAAEA-03A1-4A9B-960D-B44C97BCDD4D}.Release|x64.Build.0 = Release|Any CPU
		{9D6CAAEA-03A1-4A9B-960D-B44C97BCDD4D}.Release|x86.ActiveCfg = Release|Any CPU
		{9D6CAAEA-03A1-4A9B-960D-B44C97BCDD4D}.Release|x86.Build.0 = Release|Any CPU
		{9CF519AB-BB3E-455F-8C40-E5EBAD01F6E2}.Debug|Any CPU.ActiveCfg = Debug|Any CPU
		{9CF519AB-BB3E-455F-8C40-E5EBAD01F6E2}.Debug|Any CPU.Build.0 = Debug|Any CPU
		{9CF519AB-BB3E-455F-8C40-E5EBAD01F6E2}.Debug|x64.ActiveCfg = Debug|Any CPU
		{9CF519AB-BB3E-455F-8C40-E5EBAD01F6E2}.Debug|x64.Build.0 = Debug|Any CPU
		{9CF519AB-BB3E-455F-8C40-E5EBAD01F6E2}.Debug|x86.ActiveCfg = Debug|Any CPU
		{9CF519AB-BB3E-455F-8C40-E5EBAD01F6E2}.Debug|x86.Build.0 = Debug|Any CPU
		{9CF519AB-BB3E-455F-8C40-E5EBAD01F6E2}.Release|Any CPU.ActiveCfg = Release|Any CPU
		{9CF519AB-BB3E-455F-8C40-E5EBAD01F6E2}.Release|Any CPU.Build.0 = Release|Any CPU
		{9CF519AB-BB3E-455F-8C40-E5EBAD01F6E2}.Release|x64.ActiveCfg = Release|Any CPU
		{9CF519AB-BB3E-455F-8C40-E5EBAD01F6E2}.Release|x64.Build.0 = Release|Any CPU
		{9CF519AB-BB3E-455F-8C40-E5EBAD01F6E2}.Release|x86.ActiveCfg = Release|Any CPU
		{9CF519AB-BB3E-455F-8C40-E5EBAD01F6E2}.Release|x86.Build.0 = Release|Any CPU
		{62691817-3497-4BBF-88B4-2664A8631508}.Debug|Any CPU.ActiveCfg = Debug|Any CPU
		{62691817-3497-4BBF-88B4-2664A8631508}.Debug|Any CPU.Build.0 = Debug|Any CPU
		{62691817-3497-4BBF-88B4-2664A8631508}.Debug|x64.ActiveCfg = Debug|Any CPU
		{62691817-3497-4BBF-88B4-2664A8631508}.Debug|x64.Build.0 = Debug|Any CPU
		{62691817-3497-4BBF-88B4-2664A8631508}.Debug|x86.ActiveCfg = Debug|Any CPU
		{62691817-3497-4BBF-88B4-2664A8631508}.Debug|x86.Build.0 = Debug|Any CPU
		{62691817-3497-4BBF-88B4-2664A8631508}.Release|Any CPU.ActiveCfg = Release|Any CPU
		{62691817-3497-4BBF-88B4-2664A8631508}.Release|Any CPU.Build.0 = Release|Any CPU
		{62691817-3497-4BBF-88B4-2664A8631508}.Release|x64.ActiveCfg = Release|Any CPU
		{62691817-3497-4BBF-88B4-2664A8631508}.Release|x64.Build.0 = Release|Any CPU
		{62691817-3497-4BBF-88B4-2664A8631508}.Release|x86.ActiveCfg = Release|Any CPU
		{62691817-3497-4BBF-88B4-2664A8631508}.Release|x86.Build.0 = Release|Any CPU
		{2C5F6104-081F-4152-A8A0-6A4864967532}.Debug|Any CPU.ActiveCfg = Debug|Any CPU
		{2C5F6104-081F-4152-A8A0-6A4864967532}.Debug|Any CPU.Build.0 = Debug|Any CPU
		{2C5F6104-081F-4152-A8A0-6A4864967532}.Debug|x64.ActiveCfg = Debug|Any CPU
		{2C5F6104-081F-4152-A8A0-6A4864967532}.Debug|x64.Build.0 = Debug|Any CPU
		{2C5F6104-081F-4152-A8A0-6A4864967532}.Debug|x86.ActiveCfg = Debug|Any CPU
		{2C5F6104-081F-4152-A8A0-6A4864967532}.Debug|x86.Build.0 = Debug|Any CPU
		{2C5F6104-081F-4152-A8A0-6A4864967532}.Release|Any CPU.ActiveCfg = Release|Any CPU
		{2C5F6104-081F-4152-A8A0-6A4864967532}.Release|Any CPU.Build.0 = Release|Any CPU
		{2C5F6104-081F-4152-A8A0-6A4864967532}.Release|x64.ActiveCfg = Release|Any CPU
		{2C5F6104-081F-4152-A8A0-6A4864967532}.Release|x64.Build.0 = Release|Any CPU
		{2C5F6104-081F-4152-A8A0-6A4864967532}.Release|x86.ActiveCfg = Release|Any CPU
		{2C5F6104-081F-4152-A8A0-6A4864967532}.Release|x86.Build.0 = Release|Any CPU
	EndGlobalSection
	GlobalSection(SolutionProperties) = preSolution
		HideSolutionNode = FALSE
	EndGlobalSection
	GlobalSection(NestedProjects) = preSolution
		{0CBA3E86-54DE-462C-B273-A005CDE07B0D} = {FBF56CC3-7AE6-AD2D-3F14-7F97FD322CD6}
		{9D6CAAEA-03A1-4A9B-960D-B44C97BCDD4D} = {0AB3BF05-4346-4AA6-1389-037BE0695223}
		{9CF519AB-BB3E-455F-8C40-E5EBAD01F6E2} = {FBF56CC3-7AE6-AD2D-3F14-7F97FD322CD6}
		{62691817-3497-4BBF-88B4-2664A8631508} = {DFEE68D8-A7D0-1A41-506C-9B74AA9A7B7B}
		{2C5F6104-081F-4152-A8A0-6A4864967532} = {D82C56D6-B2CD-F611-9E31-04638F7EC30E}
	EndGlobalSection
EndGlobal
